// !$*UTF8*$!
{
	archiveVersion = 1;
	classes = {
	};
	objectVersion = 50;
	objects = {

/* Begin PBXBuildFile section */
		4A4CEBF7253ED4E400F9AE83 /* AppDelegate.swift in Sources */ = {isa = PBXBuildFile; fileRef = 4A4CEBF6253ED4E400F9AE83 /* AppDelegate.swift */; };
		4A4CEBF9253ED4E400F9AE83 /* SceneDelegate.swift in Sources */ = {isa = PBXBuildFile; fileRef = 4A4CEBF8253ED4E400F9AE83 /* SceneDelegate.swift */; };
		4A4CEBFB253ED4E400F9AE83 /* AllListViewController.swift in Sources */ = {isa = PBXBuildFile; fileRef = 4A4CEBFA253ED4E400F9AE83 /* AllListViewController.swift */; };
		4A4CEBFE253ED4E400F9AE83 /* Main.storyboard in Resources */ = {isa = PBXBuildFile; fileRef = 4A4CEBFC253ED4E400F9AE83 /* Main.storyboard */; };
		4A4CEC00253ED4E700F9AE83 /* Assets.xcassets in Resources */ = {isa = PBXBuildFile; fileRef = 4A4CEBFF253ED4E700F9AE83 /* Assets.xcassets */; };
		4A4CEC03253ED4E700F9AE83 /* LaunchScreen.storyboard in Resources */ = {isa = PBXBuildFile; fileRef = 4A4CEC01253ED4E700F9AE83 /* LaunchScreen.storyboard */; };
		4A4CEC0B253ED92B00F9AE83 /* ChecklistItem.swift in Sources */ = {isa = PBXBuildFile; fileRef = 4A4CEC0A253ED92B00F9AE83 /* ChecklistItem.swift */; };
		4A4CEC0E253EED3600F9AE83 /* ItemDetailViewController.swift in Sources */ = {isa = PBXBuildFile; fileRef = 4A4CEC0D253EED3600F9AE83 /* ItemDetailViewController.swift */; };
		4A4CEC12253F369400F9AE83 /* ChecklistViewController.swift in Sources */ = {isa = PBXBuildFile; fileRef = 4A4CEC11253F369400F9AE83 /* ChecklistViewController.swift */; };
		4A4CEC1425403BCB00F9AE83 /* ListDetailViewController.swift in Sources */ = {isa = PBXBuildFile; fileRef = 4A4CEC1325403BCB00F9AE83 /* ListDetailViewController.swift */; };
		4A4CEC162541346900F9AE83 /* DataModel.swift in Sources */ = {isa = PBXBuildFile; fileRef = 4A4CEC152541346900F9AE83 /* DataModel.swift */; };
		4A4CEC19254187C200F9AE83 /* IconPickerViewController.swift in Sources */ = {isa = PBXBuildFile; fileRef = 4A4CEC18254187C200F9AE83 /* IconPickerViewController.swift */; };
/* End PBXBuildFile section */

/* Begin PBXFileReference section */
		4A4CEBF3253ED4E400F9AE83 /* Checklist.app */ = {isa = PBXFileReference; explicitFileType = wrapper.application; includeInIndex = 0; path = Checklist.app; sourceTree = BUILT_PRODUCTS_DIR; };
		4A4CEBF6253ED4E400F9AE83 /* AppDelegate.swift */ = {isa = PBXFileReference; lastKnownFileType = sourcecode.swift; path = AppDelegate.swift; sourceTree = "<group>"; };
		4A4CEBF8253ED4E400F9AE83 /* SceneDelegate.swift */ = {isa = PBXFileReference; lastKnownFileType = sourcecode.swift; path = SceneDelegate.swift; sourceTree = "<group>"; };
		4A4CEBFA253ED4E400F9AE83 /* AllListViewController.swift */ = {isa = PBXFileReference; lastKnownFileType = sourcecode.swift; path = AllListViewController.swift; sourceTree = "<group>"; };
		4A4CEBFD253ED4E400F9AE83 /* Base */ = {isa = PBXFileReference; lastKnownFileType = file.storyboard; name = Base; path = Base.lproj/Main.storyboard; sourceTree = "<group>"; };
		4A4CEBFF253ED4E700F9AE83 /* Assets.xcassets */ = {isa = PBXFileReference; lastKnownFileType = folder.assetcatalog; path = Assets.xcassets; sourceTree = "<group>"; };
		4A4CEC02253ED4E700F9AE83 /* Base */ = {isa = PBXFileReference; lastKnownFileType = file.storyboard; name = Base; path = Base.lproj/LaunchScreen.storyboard; sourceTree = "<group>"; };
		4A4CEC04253ED4E700F9AE83 /* Info.plist */ = {isa = PBXFileReference; lastKnownFileType = text.plist.xml; path = Info.plist; sourceTree = "<group>"; };
		4A4CEC0A253ED92B00F9AE83 /* ChecklistItem.swift */ = {isa = PBXFileReference; lastKnownFileType = sourcecode.swift; path = ChecklistItem.swift; sourceTree = "<group>"; };
		4A4CEC0C253EE16600F9AE83 /* README.md */ = {isa = PBXFileReference; lastKnownFileType = net.daringfireball.markdown; path = README.md; sourceTree = "<group>"; };
		4A4CEC0D253EED3600F9AE83 /* ItemDetailViewController.swift */ = {isa = PBXFileReference; lastKnownFileType = sourcecode.swift; path = ItemDetailViewController.swift; sourceTree = "<group>"; };
		4A4CEC11253F369400F9AE83 /* ChecklistViewController.swift */ = {isa = PBXFileReference; lastKnownFileType = sourcecode.swift; path = ChecklistViewController.swift; sourceTree = "<group>"; };
		4A4CEC1325403BCB00F9AE83 /* ListDetailViewController.swift */ = {isa = PBXFileReference; lastKnownFileType = sourcecode.swift; path = ListDetailViewController.swift; sourceTree = "<group>"; };
		4A4CEC152541346900F9AE83 /* DataModel.swift */ = {isa = PBXFileReference; lastKnownFileType = sourcecode.swift; path = DataModel.swift; sourceTree = "<group>"; };
		4A4CEC18254187C200F9AE83 /* IconPickerViewController.swift */ = {isa = PBXFileReference; lastKnownFileType = sourcecode.swift; path = IconPickerViewController.swift; sourceTree = "<group>"; };
/* End PBXFileReference section */

/* Begin PBXFrameworksBuildPhase section */
		4A4CEBF0253ED4E400F9AE83 /* Frameworks */ = {
			isa = PBXFrameworksBuildPhase;
			buildActionMask = 2147483647;
			files = (
			);
			runOnlyForDeploymentPostprocessing = 0;
		};
/* End PBXFrameworksBuildPhase section */

/* Begin PBXGroup section */
		4A4CEBEA253ED4E400F9AE83 = {
			isa = PBXGroup;
			children = (
				4A4CEBF5253ED4E400F9AE83 /* Checklist */,
				4A4CEBF4253ED4E400F9AE83 /* Products */,
			);
			sourceTree = "<group>";
		};
		4A4CEBF4253ED4E400F9AE83 /* Products */ = {
			isa = PBXGroup;
			children = (
				4A4CEBF3253ED4E400F9AE83 /* Checklist.app */,
			);
			name = Products;
			sourceTree = "<group>";
		};
		4A4CEBF5253ED4E400F9AE83 /* Checklist */ = {
			isa = PBXGroup;
			children = (
				4A4CEC10253EED9C00F9AE83 /* DataModel */,
				4A4CEC172541714D00F9AE83 /* Resources */,
				4A4CEC0F253EED8400F9AE83 /* ViewControllers */,
				4A4CEC0C253EE16600F9AE83 /* README.md */,
				4A4CEC04253ED4E700F9AE83 /* Info.plist */,
				4A4CEBF6253ED4E400F9AE83 /* AppDelegate.swift */,
				4A4CEBF8253ED4E400F9AE83 /* SceneDelegate.swift */,
			);
			path = Checklist;
			sourceTree = "<group>";
		};
		4A4CEC0F253EED8400F9AE83 /* ViewControllers */ = {
			isa = PBXGroup;
			children = (
				4A4CEBFA253ED4E400F9AE83 /* AllListViewController.swift */,
				4A4CEC11253F369400F9AE83 /* ChecklistViewController.swift */,
				4A4CEC0D253EED3600F9AE83 /* ItemDetailViewController.swift */,
				4A4CEC1325403BCB00F9AE83 /* ListDetailViewController.swift */,
				4A4CEC18254187C200F9AE83 /* IconPickerViewController.swift */,
			);
			path = ViewControllers;
			sourceTree = "<group>";
		};
		4A4CEC10253EED9C00F9AE83 /* DataModel */ = {
			isa = PBXGroup;
			children = (
				4A4CEC0A253ED92B00F9AE83 /* ChecklistItem.swift */,
				4A4CEC152541346900F9AE83 /* DataModel.swift */,
			);
			path = DataModel;
			sourceTree = "<group>";
		};
		4A4CEC172541714D00F9AE83 /* Resources */ = {
			isa = PBXGroup;
			children = (
				4A4CEBFC253ED4E400F9AE83 /* Main.storyboard */,
				4A4CEBFF253ED4E700F9AE83 /* Assets.xcassets */,
				4A4CEC01253ED4E700F9AE83 /* LaunchScreen.storyboard */,
			);
			path = Resources;
			sourceTree = "<group>";
		};
/* End PBXGroup section */

/* Begin PBXNativeTarget section */
		4A4CEBF2253ED4E400F9AE83 /* Checklist */ = {
			isa = PBXNativeTarget;
			buildConfigurationList = 4A4CEC07253ED4E700F9AE83 /* Build configuration list for PBXNativeTarget "Checklist" */;
			buildPhases = (
				4A4CEBEF253ED4E400F9AE83 /* Sources */,
				4A4CEBF0253ED4E400F9AE83 /* Frameworks */,
				4A4CEBF1253ED4E400F9AE83 /* Resources */,
			);
			buildRules = (
			);
			dependencies = (
			);
			name = Checklist;
			productName = Checklist;
			productReference = 4A4CEBF3253ED4E400F9AE83 /* Checklist.app */;
			productType = "com.apple.product-type.application";
		};
/* End PBXNativeTarget section */

/* Begin PBXProject section */
		4A4CEBEB253ED4E400F9AE83 /* Project object */ = {
			isa = PBXProject;
			attributes = {
				LastSwiftUpdateCheck = 1130;
				LastUpgradeCheck = 1130;
				ORGANIZATIONNAME = Johnny;
				TargetAttributes = {
					4A4CEBF2253ED4E400F9AE83 = {
						CreatedOnToolsVersion = 11.3.1;
					};
				};
			};
			buildConfigurationList = 4A4CEBEE253ED4E400F9AE83 /* Build configuration list for PBXProject "Checklist" */;
			compatibilityVersion = "Xcode 9.3";
			developmentRegion = en;
			hasScannedForEncodings = 0;
			knownRegions = (
				en,
				Base,
			);
			mainGroup = 4A4CEBEA253ED4E400F9AE83;
			productRefGroup = 4A4CEBF4253ED4E400F9AE83 /* Products */;
			projectDirPath = "";
			projectRoot = "";
			targets = (
				4A4CEBF2253ED4E400F9AE83 /* Checklist */,
			);
		};
/* End PBXProject section */

/* Begin PBXResourcesBuildPhase section */
		4A4CEBF1253ED4E400F9AE83 /* Resources */ = {
			isa = PBXResourcesBuildPhase;
			buildActionMask = 2147483647;
			files = (
				4A4CEC03253ED4E700F9AE83 /* LaunchScreen.storyboard in Resources */,
				4A4CEC00253ED4E700F9AE83 /* Assets.xcassets in Resources */,
				4A4CEBFE253ED4E400F9AE83 /* Main.storyboard in Resources */,
			);
			runOnlyForDeploymentPostprocessing = 0;
		};
/* End PBXResourcesBuildPhase section */

/* Begin PBXSourcesBuildPhase section */
		4A4CEBEF253ED4E400F9AE83 /* Sources */ = {
			isa = PBXSourcesBuildPhase;
			buildActionMask = 2147483647;
			files = (
				4A4CEC0E253EED3600F9AE83 /* ItemDetailViewController.swift in Sources */,
				4A4CEC1425403BCB00F9AE83 /* ListDetailViewController.swift in Sources */,
				4A4CEBFB253ED4E400F9AE83 /* AllListViewController.swift in Sources */,
				4A4CEC19254187C200F9AE83 /* IconPickerViewController.swift in Sources */,
				4A4CEC12253F369400F9AE83 /* ChecklistViewController.swift in Sources */,
				4A4CEBF7253ED4E400F9AE83 /* AppDelegate.swift in Sources */,
				4A4CEC162541346900F9AE83 /* DataModel.swift in Sources */,
				4A4CEBF9253ED4E400F9AE83 /* SceneDelegate.swift in Sources */,
				4A4CEC0B253ED92B00F9AE83 /* ChecklistItem.swift in Sources */,
			);
			runOnlyForDeploymentPostprocessing = 0;
		};
/* End PBXSourcesBuildPhase section */

/* Begin PBXVariantGroup section */
		4A4CEBFC253ED4E400F9AE83 /* Main.storyboard */ = {
			isa = PBXVariantGroup;
			children = (
				4A4CEBFD253ED4E400F9AE83 /* Base */,
			);
			name = Main.storyboard;
			sourceTree = "<group>";
		};
		4A4CEC01253ED4E700F9AE83 /* LaunchScreen.storyboard */ = {
			isa = PBXVariantGroup;
			children = (
				4A4CEC02253ED4E700F9AE83 /* Base */,
			);
			name = LaunchScreen.storyboard;
			sourceTree = "<group>";
		};
/* End PBXVariantGroup section */

/* Begin XCBuildConfiguration section */
		4A4CEC05253ED4E700F9AE83 /* Debug */ = {
			isa = XCBuildConfiguration;
			buildSettings = {
				ALWAYS_SEARCH_USER_PATHS = NO;
				CLANG_ANALYZER_NONNULL = YES;
				CLANG_ANALYZER_NUMBER_OBJECT_CONVERSION = YES_AGGRESSIVE;
				CLANG_CXX_LANGUAGE_STANDARD = "gnu++14";
				CLANG_CXX_LIBRARY = "libc++";
				CLANG_ENABLE_MODULES = YES;
				CLANG_ENABLE_OBJC_ARC = YES;
				CLANG_ENABLE_OBJC_WEAK = YES;
				CLANG_WARN_BLOCK_CAPTURE_AUTORELEASING = YES;
				CLANG_WARN_BOOL_CONVERSION = YES;
				CLANG_WARN_COMMA = YES;
				CLANG_WARN_CONSTANT_CONVERSION = YES;
				CLANG_WARN_DEPRECATED_OBJC_IMPLEMENTATIONS = YES;
				CLANG_WARN_DIRECT_OBJC_ISA_USAGE = YES_ERROR;
				CLANG_WARN_DOCUMENTATION_COMMENTS = YES;
				CLANG_WARN_EMPTY_BODY = YES;
				CLANG_WARN_ENUM_CONVERSION = YES;
				CLANG_WARN_INFINITE_RECURSION = YES;
				CLANG_WARN_INT_CONVERSION = YES;
				CLANG_WARN_NON_LITERAL_NULL_CONVERSION = YES;
				CLANG_WARN_OBJC_IMPLICIT_RETAIN_SELF = YES;
				CLANG_WARN_OBJC_LITERAL_CONVERSION = YES;
				CLANG_WARN_OBJC_ROOT_CLASS = YES_ERROR;
				CLANG_WARN_RANGE_LOOP_ANALYSIS = YES;
				CLANG_WARN_STRICT_PROTOTYPES = YES;
				CLANG_WARN_SUSPICIOUS_MOVE = YES;
				CLANG_WARN_UNGUARDED_AVAILABILITY = YES_AGGRESSIVE;
				CLANG_WARN_UNREACHABLE_CODE = YES;
				CLANG_WARN__DUPLICATE_METHOD_MATCH = YES;
				COPY_PHASE_STRIP = NO;
				DEBUG_INFORMATION_FORMAT = dwarf;
				ENABLE_STRICT_OBJC_MSGSEND = YES;
				ENABLE_TESTABILITY = YES;
				GCC_C_LANGUAGE_STANDARD = gnu11;
				GCC_DYNAMIC_NO_PIC = NO;
				GCC_NO_COMMON_BLOCKS = YES;
				GCC_OPTIMIZATION_LEVEL = 0;
				GCC_PREPROCESSOR_DEFINITIONS = (
					"DEBUG=1",
					"$(inherited)",
				);
				GCC_WARN_64_TO_32_BIT_CONVERSION = YES;
				GCC_WARN_ABOUT_RETURN_TYPE = YES_ERROR;
				GCC_WARN_UNDECLARED_SELECTOR = YES;
				GCC_WARN_UNINITIALIZED_AUTOS = YES_AGGRESSIVE;
				GCC_WARN_UNUSED_FUNCTION = YES;
				GCC_WARN_UNUSED_VARIABLE = YES;
				IPHONEOS_DEPLOYMENT_TARGET = 13.2;
				MTL_ENABLE_DEBUG_INFO = INCLUDE_SOURCE;
				MTL_FAST_MATH = YES;
				ONLY_ACTIVE_ARCH = YES;
				SDKROOT = iphoneos;
				SWIFT_ACTIVE_COMPILATION_CONDITIONS = DEBUG;
				SWIFT_OPTIMIZATION_LEVEL = "-Onone";
			};
			name = Debug;
		};
		4A4CEC06253ED4E700F9AE83 /* Release */ = {
			isa = XCBuildConfiguration;
			buildSettings = {
				ALWAYS_SEARCH_USER_PATHS = NO;
				CLANG_ANALYZER_NONNULL = YES;
				CLANG_ANALYZER_NUMBER_OBJECT_CONVERSION = YES_AGGRESSIVE;
				CLANG_CXX_LANGUAGE_STANDARD = "gnu++14";
				CLANG_CXX_LIBRARY = "libc++";
				CLANG_ENABLE_MODULES = YES;
				CLANG_ENABLE_OBJC_ARC = YES;
				CLANG_ENABLE_OBJC_WEAK = YES;
				CLANG_WARN_BLOCK_CAPTURE_AUTORELEASING = YES;
				CLANG_WARN_BOOL_CONVERSION = YES;
				CLANG_WARN_COMMA = YES;
				CLANG_WARN_CONSTANT_CONVERSION = YES;
				CLANG_WARN_DEPRECATED_OBJC_IMPLEMENTATIONS = YES;
				CLANG_WARN_DIRECT_OBJC_ISA_USAGE = YES_ERROR;
				CLANG_WARN_DOCUMENTATION_COMMENTS = YES;
				CLANG_WARN_EMPTY_BODY = YES;
				CLANG_WARN_ENUM_CONVERSION = YES;
				CLANG_WARN_INFINITE_RECURSION = YES;
				CLANG_WARN_INT_CONVERSION = YES;
				CLANG_WARN_NON_LITERAL_NULL_CONVERSION = YES;
				CLANG_WARN_OBJC_IMPLICIT_RETAIN_SELF = YES;
				CLANG_WARN_OBJC_LITERAL_CONVERSION = YES;
				CLANG_WARN_OBJC_ROOT_CLASS = YES_ERROR;
				CLANG_WARN_RANGE_LOOP_ANALYSIS = YES;
				CLANG_WARN_STRICT_PROTOTYPES = YES;
				CLANG_WARN_SUSPICIOUS_MOVE = YES;
				CLANG_WARN_UNGUARDED_AVAILABILITY = YES_AGGRESSIVE;
				CLANG_WARN_UNREACHABLE_CODE = YES;
				CLANG_WARN__DUPLICATE_METHOD_MATCH = YES;
				COPY_PHASE_STRIP = NO;
				DEBUG_INFORMATION_FORMAT = "dwarf-with-dsym";
				ENABLE_NS_ASSERTIONS = NO;
				ENABLE_STRICT_OBJC_MSGSEND = YES;
				GCC_C_LANGUAGE_STANDARD = gnu11;
				GCC_NO_COMMON_BLOCKS = YES;
				GCC_WARN_64_TO_32_BIT_CONVERSION = YES;
				GCC_WARN_ABOUT_RETURN_TYPE = YES_ERROR;
				GCC_WARN_UNDECLARED_SELECTOR = YES;
				GCC_WARN_UNINITIALIZED_AUTOS = YES_AGGRESSIVE;
				GCC_WARN_UNUSED_FUNCTION = YES;
				GCC_WARN_UNUSED_VARIABLE = YES;
				IPHONEOS_DEPLOYMENT_TARGET = 13.2;
				MTL_ENABLE_DEBUG_INFO = NO;
				MTL_FAST_MATH = YES;
				SDKROOT = iphoneos;
				SWIFT_COMPILATION_MODE = wholemodule;
				SWIFT_OPTIMIZATION_LEVEL = "-O";
				VALIDATE_PRODUCT = YES;
			};
			name = Release;
		};
		4A4CEC08253ED4E700F9AE83 /* Debug */ = {
			isa = XCBuildConfiguration;
			buildSettings = {
				ASSETCATALOG_COMPILER_APPICON_NAME = AppIcon;
				CODE_SIGN_STYLE = Automatic;
				DEVELOPMENT_TEAM = 9GH97ZTVX9;
				INFOPLIST_FILE = Checklist/Info.plist;
				LD_RUNPATH_SEARCH_PATHS = (
					"$(inherited)",
					"@executable_path/Frameworks",
				);
				PRODUCT_BUNDLE_IDENTIFIER = com.johnny.Checklist;
				PRODUCT_NAME = "$(TARGET_NAME)";
				SWIFT_VERSION = 5.0;
				TARGETED_DEVICE_FAMILY = "1,2";
			};
			name = Debug;
		};
		4A4CEC09253ED4E700F9AE83 /* Release */ = {
			isa = XCBuildConfiguration;
			buildSettings = {
				ASSETCATALOG_COMPILER_APPICON_NAME = AppIcon;
				CODE_SIGN_STYLE = Automatic;
				DEVELOPMENT_TEAM = 9GH97ZTVX9;
				INFOPLIST_FILE = Checklist/Info.plist;
				LD_RUNPATH_SEARCH_PATHS = (
					"$(inherited)",
					"@executable_path/Frameworks",
				);
				PRODUCT_BUNDLE_IDENTIFIER = com.johnny.Checklist;
				PRODUCT_NAME = "$(TARGET_NAME)";
				SWIFT_VERSION = 5.0;
				TARGETED_DEVICE_FAMILY = "1,2";
			};
			name = Release;
		};
/* End XCBuildConfiguration section */

/* Begin XCConfigurationList section */
		4A4CEBEE253ED4E400F9AE83 /* Build configuration list for PBXProject "Checklist" */ = {
			isa = XCConfigurationList;
			buildConfigurations = (
				4A4CEC05253ED4E700F9AE83 /* Debug */,
				4A4CEC06253ED4E700F9AE83 /* Release */,
			);
			defaultConfigurationIsVisible = 0;
			defaultConfigurationName = Release;
		};
		4A4CEC07253ED4E700F9AE83 /* Build configuration list for PBXNativeTarget "Checklist" */ = {
			isa = XCConfigurationList;
			buildConfigurations = (
				4A4CEC08253ED4E700F9AE83 /* Debug */,
				4A4CEC09253ED4E700F9AE83 /* Release */,
			);
			defaultConfigurationIsVisible = 0;
			defaultConfigurationName = Release;
		};
/* End XCConfigurationList section */
	};
	rootObject = 4A4CEBEB253ED4E400F9AE83 /* Project object */;
}
